
Microsoft Visual Studio Solution File, Format Version 12.00
# Visual Studio Version 17
VisualStudioVersion = 17.8.34322.80
MinimumVisualStudioVersion = 10.0.40219.1
Project("{9A19103F-16F7-4668-BE54-9A1E7A4F7556}") = "StudyProject.Core", "StudyProject.Core\StudyProject.Core.csproj", "{00DAF98D-B7A9-4A71-A0C4-BA73F8CC57E5}"
EndProject
Project("{9A19103F-16F7-4668-BE54-9A1E7A4F7556}") = "StudyProject.Application", "StudyProject.Application\StudyProject.Application.csproj", "{B0831F40-77B1-47B2-82A5-8F8AEF572AD2}"
EndProject
Project("{9A19103F-16F7-4668-BE54-9A1E7A4F7556}") = "StudyProject.Infrastructure", "StudyProject.Infrastructure\StudyProject.Infrastructure.csproj", "{A8FC33E2-4666-4C12-B289-97FE0ECE3377}"
EndProject
Project("{9A19103F-16F7-4668-BE54-9A1E7A4F7556}") = "StudyProject.Presentation", "StudyProject.Presentation\StudyProject.Presentation.csproj", "{31A9F8A2-5453-47E0-B26F-BC58D9C4278E}"
EndProject
Global
	GlobalSection(SolutionConfigurationPlatforms) = preSolution
		Debug|Any CPU = Debug|Any CPU
		Release|Any CPU = Release|Any CPU
	EndGlobalSection
	GlobalSection(ProjectConfigurationPlatforms) = postSolution
		{00DAF98D-B7A9-4A71-A0C4-BA73F8CC57E5}.Debug|Any CPU.ActiveCfg = Debug|Any CPU
		{00DAF98D-B7A9-4A71-A0C4-BA73F8CC57E5}.Debug|Any CPU.Build.0 = Debug|Any CPU
		{00DAF98D-B7A9-4A71-A0C4-BA73F8CC57E5}.Release|Any CPU.ActiveCfg = Release|Any CPU
		{00DAF98D-B7A9-4A71-A0C4-BA73F8CC57E5}.Release|Any CPU.Build.0 = Release|Any CPU
		{B0831F40-77B1-47B2-82A5-8F8AEF572AD2}.Debug|Any CPU.ActiveCfg = Debug|Any CPU
		{B0831F40-77B1-47B2-82A5-8F8AEF572AD2}.Debug|Any CPU.Build.0 = Debug|Any CPU
		{B0831F40-77B1-47B2-82A5-8F8AEF572AD2}.Release|Any CPU.ActiveCfg = Release|Any CPU
		{B0831F40-77B1-47B2-82A5-8F8AEF572AD2}.Release|Any CPU.Build.0 = Release|Any CPU
		{A8FC33E2-4666-4C12-B289-97FE0ECE3377}.Debug|Any CPU.ActiveCfg = Debug|Any CPU
		{A8FC33E2-4666-4C12-B289-97FE0ECE3377}.Debug|Any CPU.Build.0 = Debug|Any CPU
		{A8FC33E2-4666-4C12-B289-97FE0ECE3377}.Release|Any CPU.ActiveCfg = Release|Any CPU
		{A8FC33E2-4666-4C12-B289-97FE0ECE3377}.Release|Any CPU.Build.0 = Release|Any CPU
		{31A9F8A2-5453-47E0-B26F-BC58D9C4278E}.Debug|Any CPU.ActiveCfg = Debug|Any CPU
		{31A9F8A2-5453-47E0-B26F-BC58D9C4278E}.Debug|Any CPU.Build.0 = Debug|Any CPU
		{31A9F8A2-5453-47E0-B26F-BC58D9C4278E}.Release|Any CPU.ActiveCfg = Release|Any CPU
		{31A9F8A2-5453-47E0-B26F-BC58D9C4278E}.Release|Any CPU.Build.0 = Release|Any CPU
	EndGlobalSection
	GlobalSection(SolutionProperties) = preSolution
		HideSolutionNode = FALSE
	EndGlobalSection
	GlobalSection(ExtensibilityGlobals) = postSolution
		SolutionGuid = {0614C44A-415E-4B33-A4AC-A38D6C2435B4}
	EndGlobalSection
EndGlobal
